
Microsoft Visual Studio Solution File, Format Version 12.00
# Visual Studio Version 17
VisualStudioVersion = 17.7.34018.315
MinimumVisualStudioVersion = 10.0.40219.1
Project("{F184B08F-C81C-45F6-A57F-5ABD9991F28F}") = "Tienda_XYZ_Completo", "Tienda_XYZ_Completo.vbproj", "{A2C9810C-595E-47B4-AB47-D0EEEDF3F905}"
EndProject
Global
	GlobalSection(SolutionConfigurationPlatforms) = preSolution
		Debug|Any CPU = Debug|Any CPU
		Release|Any CPU = Release|Any CPU
	EndGlobalSection
	GlobalSection(ProjectConfigurationPlatforms) = postSolution
		{A2C9810C-595E-47B4-AB47-D0EEEDF3F905}.Debug|Any CPU.ActiveCfg = Debug|Any CPU
		{A2C9810C-595E-47B4-AB47-D0EEEDF3F905}.Debug|Any CPU.Build.0 = Debug|Any CPU
		{A2C9810C-595E-47B4-AB47-D0EEEDF3F905}.Release|Any CPU.ActiveCfg = Release|Any CPU
		{A2C9810C-595E-47B4-AB47-D0EEEDF3F905}.Release|Any CPU.Build.0 = Release|Any CPU
	EndGlobalSection
	GlobalSection(SolutionProperties) = preSolution
		HideSolutionNode = FALSE
	EndGlobalSection
	GlobalSection(ExtensibilityGlobals) = postSolution
		SolutionGuid = {EBAF0723-C351-4CD9-B982-3F3FE880FD18}
	EndGlobalSection
EndGlobal
